// !$*UTF8*$!
{
	archiveVersion = 1;
	classes = {
	};
	objectVersion = 50;
	objects = {

/* Begin PBXBuildFile section */
		D77033D621C49556009E04F2 /* AppDelegate.m in Sources */ = {isa = PBXBuildFile; fileRef = D77033D521C49556009E04F2 /* AppDelegate.m */; };
		D77033D921C49556009E04F2 /* ViewController.m in Sources */ = {isa = PBXBuildFile; fileRef = D77033D821C49556009E04F2 /* ViewController.m */; };
		D77033DC21C49556009E04F2 /* Main.storyboard in Resources */ = {isa = PBXBuildFile; fileRef = D77033DA21C49556009E04F2 /* Main.storyboard */; };
		D77033DF21C49556009E04F2 /* MailList.xcdatamodeld in Sources */ = {isa = PBXBuildFile; fileRef = D77033DD21C49556009E04F2 /* MailList.xcdatamodeld */; };
		D77033E121C49557009E04F2 /* Assets.xcassets in Resources */ = {isa = PBXBuildFile; fileRef = D77033E021C49557009E04F2 /* Assets.xcassets */; };
		D77033E421C49557009E04F2 /* LaunchScreen.storyboard in Resources */ = {isa = PBXBuildFile; fileRef = D77033E221C49557009E04F2 /* LaunchScreen.storyboard */; };
		D77033E721C49557009E04F2 /* main.m in Sources */ = {isa = PBXBuildFile; fileRef = D77033E621C49557009E04F2 /* main.m */; };
		D77033F921C497EF009E04F2 /* HomeController.m in Sources */ = {isa = PBXBuildFile; fileRef = D77033F821C497EF009E04F2 /* HomeController.m */; };
		D77033FF21C498F0009E04F2 /* HomeModel.m in Sources */ = {isa = PBXBuildFile; fileRef = D77033FE21C498F0009E04F2 /* HomeModel.m */; };
		D770340221C49922009E04F2 /* BaseModel.m in Sources */ = {isa = PBXBuildFile; fileRef = D770340121C49922009E04F2 /* BaseModel.m */; };
/* End PBXBuildFile section */

/* Begin PBXFileReference section */
		D77033D121C49556009E04F2 /* MailList.app */ = {isa = PBXFileReference; explicitFileType = wrapper.application; includeInIndex = 0; path = MailList.app; sourceTree = BUILT_PRODUCTS_DIR; };
		D77033D421C49556009E04F2 /* AppDelegate.h */ = {isa = PBXFileReference; lastKnownFileType = sourcecode.c.h; path = AppDelegate.h; sourceTree = "<group>"; };
		D77033D521C49556009E04F2 /* AppDelegate.m */ = {isa = PBXFileReference; lastKnownFileType = sourcecode.c.objc; path = AppDelegate.m; sourceTree = "<group>"; };
		D77033D721C49556009E04F2 /* ViewController.h */ = {isa = PBXFileReference; lastKnownFileType = sourcecode.c.h; path = ViewController.h; sourceTree = "<group>"; };
		D77033D821C49556009E04F2 /* ViewController.m */ = {isa = PBXFileReference; lastKnownFileType = sourcecode.c.objc; path = ViewController.m; sourceTree = "<group>"; };
		D77033DB21C49556009E04F2 /* Base */ = {isa = PBXFileReference; lastKnownFileType = file.storyboard; name = Base; path = Base.lproj/Main.storyboard; sourceTree = "<group>"; };
		D77033DE21C49556009E04F2 /* MailList.xcdatamodel */ = {isa = PBXFileReference; lastKnownFileType = wrapper.xcdatamodel; path = MailList.xcdatamodel; sourceTree = "<group>"; };
		D77033E021C49557009E04F2 /* Assets.xcassets */ = {isa = PBXFileReference; lastKnownFileType = folder.assetcatalog; path = Assets.xcassets; sourceTree = "<group>"; };
		D77033E321C49557009E04F2 /* Base */ = {isa = PBXFileReference; lastKnownFileType = file.storyboard; name = Base; path = Base.lproj/LaunchScreen.storyboard; sourceTree = "<group>"; };
		D77033E521C49557009E04F2 /* Info.plist */ = {isa = PBXFileReference; lastKnownFileType = text.plist.xml; path = Info.plist; sourceTree = "<group>"; };
		D77033E621C49557009E04F2 /* main.m */ = {isa = PBXFileReference; lastKnownFileType = sourcecode.c.objc; path = main.m; sourceTree = "<group>"; };
		D77033F721C497EF009E04F2 /* HomeController.h */ = {isa = PBXFileReference; lastKnownFileType = sourcecode.c.h; path = HomeController.h; sourceTree = "<group>"; };
		D77033F821C497EF009E04F2 /* HomeController.m */ = {isa = PBXFileReference; lastKnownFileType = sourcecode.c.objc; path = HomeController.m; sourceTree = "<group>"; };
		D77033FD21C498F0009E04F2 /* HomeModel.h */ = {isa = PBXFileReference; lastKnownFileType = sourcecode.c.h; path = HomeModel.h; sourceTree = "<group>"; };
		D77033FE21C498F0009E04F2 /* HomeModel.m */ = {isa = PBXFileReference; lastKnownFileType = sourcecode.c.objc; path = HomeModel.m; sourceTree = "<group>"; };
		D770340021C49922009E04F2 /* BaseModel.h */ = {isa = PBXFileReference; lastKnownFileType = sourcecode.c.h; path = BaseModel.h; sourceTree = "<group>"; };
		D770340121C49922009E04F2 /* BaseModel.m */ = {isa = PBXFileReference; lastKnownFileType = sourcecode.c.objc; path = BaseModel.m; sourceTree = "<group>"; };
		D770340321C49C8B009E04F2 /* PrefixHeader.pch */ = {isa = PBXFileReference; lastKnownFileType = sourcecode.c.h; path = PrefixHeader.pch; sourceTree = "<group>"; };
/* End PBXFileReference section */

/* Begin PBXFrameworksBuildPhase section */
		D77033CE21C49556009E04F2 /* Frameworks */ = {
			isa = PBXFrameworksBuildPhase;
			buildActionMask = 2147483647;
			files = (
			);
			runOnlyForDeploymentPostprocessing = 0;
		};
/* End PBXFrameworksBuildPhase section */

/* Begin PBXGroup section */
		D77033C821C49556009E04F2 = {
			isa = PBXGroup;
			children = (
				D77033D321C49556009E04F2 /* MailList */,
				D77033D221C49556009E04F2 /* Products */,
			);
			sourceTree = "<group>";
		};
		D77033D221C49556009E04F2 /* Products */ = {
			isa = PBXGroup;
			children = (
				D77033D121C49556009E04F2 /* MailList.app */,
			);
			name = Products;
			sourceTree = "<group>";
		};
		D77033D321C49556009E04F2 /* MailList */ = {
			isa = PBXGroup;
			children = (
				D77033F621C49663009E04F2 /* SupportFile */,
				D77033ED21C495B6009E04F2 /* New Group */,
				D77033D721C49556009E04F2 /* ViewController.h */,
				D77033D821C49556009E04F2 /* ViewController.m */,
				D77033E621C49557009E04F2 /* main.m */,
			);
			path = MailList;
			sourceTree = "<group>";
		};
		D77033ED21C495B6009E04F2 /* New Group */ = {
			isa = PBXGroup;
			children = (
				D77033F521C49659009E04F2 /* Foundations */,
				D77033EE21C495B7009E04F2 /* Classes */,
			);
			path = "New Group";
			sourceTree = "<group>";
		};
		D77033EE21C495B7009E04F2 /* Classes */ = {
			isa = PBXGroup;
			children = (
				D77033F321C4964A009E04F2 /* Base */,
				D77033F221C495B9009E04F2 /* Home */,
				D77033F021C495B9009E04F2 /* Detail */,
				D77033F121C495B9009E04F2 /* Edit */,
				D77033EF21C495B8009E04F2 /* Add */,
				D77033F421C49652009E04F2 /* Tool */,
			);
			path = Classes;
			sourceTree = "<group>";
		};
		D77033EF21C495B8009E04F2 /* Add */ = {
			isa = PBXGroup;
			children = (
			);
			path = Add;
			sourceTree = "<group>";
		};
		D77033F021C495B9009E04F2 /* Detail */ = {
			isa = PBXGroup;
			children = (
			);
			path = Detail;
			sourceTree = "<group>";
		};
		D77033F121C495B9009E04F2 /* Edit */ = {
			isa = PBXGroup;
			children = (
			);
			path = Edit;
			sourceTree = "<group>";
		};
		D77033F221C495B9009E04F2 /* Home */ = {
			isa = PBXGroup;
			children = (
				D77033FC21C498C8009E04F2 /* Model */,
				D77033FB21C498C7009E04F2 /* View */,
				D77033FA21C498C6009E04F2 /* Controller */,
			);
			path = Home;
			sourceTree = "<group>";
		};
		D77033F321C4964A009E04F2 /* Base */ = {
			isa = PBXGroup;
			children = (
				D770340021C49922009E04F2 /* BaseModel.h */,
				D770340121C49922009E04F2 /* BaseModel.m */,
			);
			path = Base;
			sourceTree = "<group>";
		};
		D77033F421C49652009E04F2 /* Tool */ = {
			isa = PBXGroup;
			children = (
			);
			path = Tool;
			sourceTree = "<group>";
		};
		D77033F521C49659009E04F2 /* Foundations */ = {
			isa = PBXGroup;
			children = (
			);
			path = Foundations;
			sourceTree = "<group>";
		};
		D77033F621C49663009E04F2 /* SupportFile */ = {
			isa = PBXGroup;
			children = (
				D77033DD21C49556009E04F2 /* MailList.xcdatamodeld */,
				D77033D421C49556009E04F2 /* AppDelegate.h */,
				D77033D521C49556009E04F2 /* AppDelegate.m */,
				D77033DA21C49556009E04F2 /* Main.storyboard */,
				D77033E021C49557009E04F2 /* Assets.xcassets */,
				D77033E221C49557009E04F2 /* LaunchScreen.storyboard */,
				D77033E521C49557009E04F2 /* Info.plist */,
				D770340321C49C8B009E04F2 /* PrefixHeader.pch */,
			);
			path = SupportFile;
			sourceTree = "<group>";
		};
		D77033FA21C498C6009E04F2 /* Controller */ = {
			isa = PBXGroup;
			children = (
				D77033F721C497EF009E04F2 /* HomeController.h */,
				D77033F821C497EF009E04F2 /* HomeController.m */,
			);
			path = Controller;
			sourceTree = "<group>";
		};
		D77033FB21C498C7009E04F2 /* View */ = {
			isa = PBXGroup;
			children = (
			);
			path = View;
			sourceTree = "<group>";
		};
		D77033FC21C498C8009E04F2 /* Model */ = {
			isa = PBXGroup;
			children = (
				D77033FD21C498F0009E04F2 /* HomeModel.h */,
				D77033FE21C498F0009E04F2 /* HomeModel.m */,
			);
			path = Model;
			sourceTree = "<group>";
		};
/* End PBXGroup section */

/* Begin PBXNativeTarget section */
		D77033D021C49556009E04F2 /* MailList */ = {
			isa = PBXNativeTarget;
			buildConfigurationList = D77033EA21C49557009E04F2 /* Build configuration list for PBXNativeTarget "MailList" */;
			buildPhases = (
				D77033CD21C49556009E04F2 /* Sources */,
				D77033CE21C49556009E04F2 /* Frameworks */,
				D77033CF21C49556009E04F2 /* Resources */,
			);
			buildRules = (
			);
			dependencies = (
			);
			name = MailList;
			productName = MailList;
			productReference = D77033D121C49556009E04F2 /* MailList.app */;
			productType = "com.apple.product-type.application";
		};
/* End PBXNativeTarget section */

/* Begin PBXProject section */
		D77033C921C49556009E04F2 /* Project object */ = {
			isa = PBXProject;
			attributes = {
				LastUpgradeCheck = 1000;
				ORGANIZATIONNAME = Fly;
				TargetAttributes = {
					D77033D021C49556009E04F2 = {
						CreatedOnToolsVersion = 10.0;
					};
				};
			};
			buildConfigurationList = D77033CC21C49556009E04F2 /* Build configuration list for PBXProject "MailList" */;
			compatibilityVersion = "Xcode 9.3";
			developmentRegion = en;
			hasScannedForEncodings = 0;
			knownRegions = (
				en,
				Base,
			);
			mainGroup = D77033C821C49556009E04F2;
			productRefGroup = D77033D221C49556009E04F2 /* Products */;
			projectDirPath = "";
			projectRoot = "";
			targets = (
				D77033D021C49556009E04F2 /* MailList */,
			);
		};
/* End PBXProject section */

/* Begin PBXResourcesBuildPhase section */
		D77033CF21C49556009E04F2 /* Resources */ = {
			isa = PBXResourcesBuildPhase;
			buildActionMask = 2147483647;
			files = (
				D77033E421C49557009E04F2 /* LaunchScreen.storyboard in Resources */,
				D77033E121C49557009E04F2 /* Assets.xcassets in Resources */,
				D77033DC21C49556009E04F2 /* Main.storyboard in Resources */,
			);
			runOnlyForDeploymentPostprocessing = 0;
		};
/* End PBXResourcesBuildPhase section */

/* Begin PBXSourcesBuildPhase section */
		D77033CD21C49556009E04F2 /* Sources */ = {
			isa = PBXSourcesBuildPhase;
			buildActionMask = 2147483647;
			files = (
				D77033D921C49556009E04F2 /* ViewController.m in Sources */,
				D77033D621C49556009E04F2 /* AppDelegate.m in Sources */,
				D77033FF21C498F0009E04F2 /* HomeModel.m in Sources */,
				D770340221C49922009E04F2 /* BaseModel.m in Sources */,
				D77033E721C49557009E04F2 /* main.m in Sources */,
				D77033F921C497EF009E04F2 /* HomeController.m in Sources */,
				D77033DF21C49556009E04F2 /* MailList.xcdatamodeld in Sources */,
			);
			runOnlyForDeploymentPostprocessing = 0;
		};
/* End PBXSourcesBuildPhase section */

/* Begin PBXVariantGroup section */
		D77033DA21C49556009E04F2 /* Main.storyboard */ = {
			isa = PBXVariantGroup;
			children = (
				D77033DB21C49556009E04F2 /* Base */,
			);
			name = Main.storyboard;
			sourceTree = "<group>";
		};
		D77033E221C49557009E04F2 /* LaunchScreen.storyboard */ = {
			isa = PBXVariantGroup;
			children = (
				D77033E321C49557009E04F2 /* Base */,
			);
			name = LaunchScreen.storyboard;
			sourceTree = "<group>";
		};
/* End PBXVariantGroup section */

/* Begin XCBuildConfiguration section */
		D77033E821C49557009E04F2 /* Debug */ = {
			isa = XCBuildConfiguration;
			buildSettings = {
				ALWAYS_SEARCH_USER_PATHS = NO;
				CLANG_ANALYZER_NONNULL = YES;
				CLANG_ANALYZER_NUMBER_OBJECT_CONVERSION = YES_AGGRESSIVE;
				CLANG_CXX_LANGUAGE_STANDARD = "gnu++14";
				CLANG_CXX_LIBRARY = "libc++";
				CLANG_ENABLE_MODULES = YES;
				CLANG_ENABLE_OBJC_ARC = YES;
				CLANG_ENABLE_OBJC_WEAK = YES;
				CLANG_WARN_BLOCK_CAPTURE_AUTORELEASING = YES;
				CLANG_WARN_BOOL_CONVERSION = YES;
				CLANG_WARN_COMMA = YES;
				CLANG_WARN_CONSTANT_CONVERSION = YES;
				CLANG_WARN_DEPRECATED_OBJC_IMPLEMENTATIONS = YES;
				CLANG_WARN_DIRECT_OBJC_ISA_USAGE = YES_ERROR;
				CLANG_WARN_DOCUMENTATION_COMMENTS = YES;
				CLANG_WARN_EMPTY_BODY = YES;
				CLANG_WARN_ENUM_CONVERSION = YES;
				CLANG_WARN_INFINITE_RECURSION = YES;
				CLANG_WARN_INT_CONVERSION = YES;
				CLANG_WARN_NON_LITERAL_NULL_CONVERSION = YES;
				CLANG_WARN_OBJC_IMPLICIT_RETAIN_SELF = YES;
				CLANG_WARN_OBJC_LITERAL_CONVERSION = YES;
				CLANG_WARN_OBJC_ROOT_CLASS = YES_ERROR;
				CLANG_WARN_RANGE_LOOP_ANALYSIS = YES;
				CLANG_WARN_STRICT_PROTOTYPES = YES;
				CLANG_WARN_SUSPICIOUS_MOVE = YES;
				CLANG_WARN_UNGUARDED_AVAILABILITY = YES_AGGRESSIVE;
				CLANG_WARN_UNREACHABLE_CODE = YES;
				CLANG_WARN__DUPLICATE_METHOD_MATCH = YES;
				CODE_SIGN_IDENTITY = "iPhone Developer";
				COPY_PHASE_STRIP = NO;
				DEBUG_INFORMATION_FORMAT = dwarf;
				ENABLE_STRICT_OBJC_MSGSEND = YES;
				ENABLE_TESTABILITY = YES;
				GCC_C_LANGUAGE_STANDARD = gnu11;
				GCC_DYNAMIC_NO_PIC = NO;
				GCC_NO_COMMON_BLOCKS = YES;
				GCC_OPTIMIZATION_LEVEL = 0;
				GCC_PREPROCESSOR_DEFINITIONS = (
					"DEBUG=1",
					"$(inherited)",
				);
				GCC_WARN_64_TO_32_BIT_CONVERSION = YES;
				GCC_WARN_ABOUT_RETURN_TYPE = YES_ERROR;
				GCC_WARN_UNDECLARED_SELECTOR = YES;
				GCC_WARN_UNINITIALIZED_AUTOS = YES_AGGRESSIVE;
				GCC_WARN_UNUSED_FUNCTION = YES;
				GCC_WARN_UNUSED_VARIABLE = YES;
				IPHONEOS_DEPLOYMENT_TARGET = 12.0;
				MTL_ENABLE_DEBUG_INFO = INCLUDE_SOURCE;
				MTL_FAST_MATH = YES;
				ONLY_ACTIVE_ARCH = YES;
				SDKROOT = iphoneos;
			};
			name = Debug;
		};
		D77033E921C49557009E04F2 /* Release */ = {
			isa = XCBuildConfiguration;
			buildSettings = {
				ALWAYS_SEARCH_USER_PATHS = NO;
				CLANG_ANALYZER_NONNULL = YES;
				CLANG_ANALYZER_NUMBER_OBJECT_CONVERSION = YES_AGGRESSIVE;
				CLANG_CXX_LANGUAGE_STANDARD = "gnu++14";
				CLANG_CXX_LIBRARY = "libc++";
				CLANG_ENABLE_MODULES = YES;
				CLANG_ENABLE_OBJC_ARC = YES;
				CLANG_ENABLE_OBJC_WEAK = YES;
				CLANG_WARN_BLOCK_CAPTURE_AUTORELEASING = YES;
				CLANG_WARN_BOOL_CONVERSION = YES;
				CLANG_WARN_COMMA = YES;
				CLANG_WARN_CONSTANT_CONVERSION = YES;
				CLANG_WARN_DEPRECATED_OBJC_IMPLEMENTATIONS = YES;
				CLANG_WARN_DIRECT_OBJC_ISA_USAGE = YES_ERROR;
				CLANG_WARN_DOCUMENTATION_COMMENTS = YES;
				CLANG_WARN_EMPTY_BODY = YES;
				CLANG_WARN_ENUM_CONVERSION = YES;
				CLANG_WARN_INFINITE_RECURSION = YES;
				CLANG_WARN_INT_CONVERSION = YES;
				CLANG_WARN_NON_LITERAL_NULL_CONVERSION = YES;
				CLANG_WARN_OBJC_IMPLICIT_RETAIN_SELF = YES;
				CLANG_WARN_OBJC_LITERAL_CONVERSION = YES;
				CLANG_WARN_OBJC_ROOT_CLASS = YES_ERROR;
				CLANG_WARN_RANGE_LOOP_ANALYSIS = YES;
				CLANG_WARN_STRICT_PROTOTYPES = YES;
				CLANG_WARN_SUSPICIOUS_MOVE = YES;
				CLANG_WARN_UNGUARDED_AVAILABILITY = YES_AGGRESSIVE;
				CLANG_WARN_UNREACHABLE_CODE = YES;
				CLANG_WARN__DUPLICATE_METHOD_MATCH = YES;
				CODE_SIGN_IDENTITY = "iPhone Developer";
				COPY_PHASE_STRIP = NO;
				DEBUG_INFORMATION_FORMAT = "dwarf-with-dsym";
				ENABLE_NS_ASSERTIONS = NO;
				ENABLE_STRICT_OBJC_MSGSEND = YES;
				GCC_C_LANGUAGE_STANDARD = gnu11;
				GCC_NO_COMMON_BLOCKS = YES;
				GCC_WARN_64_TO_32_BIT_CONVERSION = YES;
				GCC_WARN_ABOUT_RETURN_TYPE = YES_ERROR;
				GCC_WARN_UNDECLARED_SELECTOR = YES;
				GCC_WARN_UNINITIALIZED_AUTOS = YES_AGGRESSIVE;
				GCC_WARN_UNUSED_FUNCTION = YES;
				GCC_WARN_UNUSED_VARIABLE = YES;
				IPHONEOS_DEPLOYMENT_TARGET = 12.0;
				MTL_ENABLE_DEBUG_INFO = NO;
				MTL_FAST_MATH = YES;
				SDKROOT = iphoneos;
				VALIDATE_PRODUCT = YES;
			};
			name = Release;
		};
		D77033EB21C49557009E04F2 /* Debug */ = {
			isa = XCBuildConfiguration;
			buildSettings = {
				ASSETCATALOG_COMPILER_APPICON_NAME = AppIcon;
				CODE_SIGN_STYLE = Automatic;
				GCC_PRECOMPILE_PREFIX_HEADER = YES;
				GCC_PREFIX_HEADER = MailList/SupportFile/PrefixHeader.pch;
				INFOPLIST_FILE = MailList/SupportFile/Info.plist;
				LD_RUNPATH_SEARCH_PATHS = (
					"$(inherited)",
					"@executable_path/Frameworks",
				);
				PRODUCT_BUNDLE_IDENTIFIER = www.bazy.u.study.MailList;
				PRODUCT_NAME = "$(TARGET_NAME)";
				TARGETED_DEVICE_FAMILY = "1,2";
			};
			name = Debug;
		};
		D77033EC21C49557009E04F2 /* Release */ = {
			isa = XCBuildConfiguration;
			buildSettings = {
				ASSETCATALOG_COMPILER_APPICON_NAME = AppIcon;
				CODE_SIGN_STYLE = Automatic;
				GCC_PRECOMPILE_PREFIX_HEADER = YES;
				GCC_PREFIX_HEADER = MailList/SupportFile/PrefixHeader.pch;
				INFOPLIST_FILE = MailList/SupportFile/Info.plist;
				LD_RUNPATH_SEARCH_PATHS = (
					"$(inherited)",
					"@executable_path/Frameworks",
				);
				PRODUCT_BUNDLE_IDENTIFIER = www.bazy.u.study.MailList;
				PRODUCT_NAME = "$(TARGET_NAME)";
				TARGETED_DEVICE_FAMILY = "1,2";
			};
			name = Release;
		};
/* End XCBuildConfiguration section */

/* Begin XCConfigurationList section */
		D77033CC21C49556009E04F2 /* Build configuration list for PBXProject "MailList" */ = {
			isa = XCConfigurationList;
			buildConfigurations = (
				D77033E821C49557009E04F2 /* Debug */,
				D77033E921C49557009E04F2 /* Release */,
			);
			defaultConfigurationIsVisible = 0;
			defaultConfigurationName = Release;
		};
		D77033EA21C49557009E04F2 /* Build configuration list for PBXNativeTarget "MailList" */ = {
			isa = XCConfigurationList;
			buildConfigurations = (
				D77033EB21C49557009E04F2 /* Debug */,
				D77033EC21C49557009E04F2 /* Release */,
			);
			defaultConfigurationIsVisible = 0;
			defaultConfigurationName = Release;
		};
/* End XCConfigurationList section */

/* Begin XCVersionGroup section */
		D77033DD21C49556009E04F2 /* MailList.xcdatamodeld */ = {
			isa = XCVersionGroup;
			children = (
				D77033DE21C49556009E04F2 /* MailList.xcdatamodel */,
			);
			currentVersion = D77033DE21C49556009E04F2 /* MailList.xcdatamodel */;
			path = MailList.xcdatamodeld;
			sourceTree = "<group>";
			versionGroupType = wrapper.xcdatamodel;
		};
/* End XCVersionGroup section */
	};
	rootObject = D77033C921C49556009E04F2 /* Project object */;
}
